
Microsoft Visual Studio Solution File, Format Version 12.00
# Visual Studio Version 16
VisualStudioVersion = 16.0.29021.104
MinimumVisualStudioVersion = 10.0.40219.1
Project("{9A19103F-16F7-4668-BE54-9A1E7A4F7556}") = "WebCore", "WebCore\WebCore.csproj", "{EBC23D8C-3EC1-4038-BD84-7586AB9322B2}"
EndProject
Project("{FAE04EC0-301F-11D3-BF4B-00C04F79EFBC}") = "PolymorphicSystemTextJsonTests", "PolymorphicSystemTextJsonTests\PolymorphicSystemTextJsonTests.csproj", "{0880DF6C-D55C-453B-AFEB-F6F2B2F0C4A0}"
EndProject
Global
	GlobalSection(SolutionConfigurationPlatforms) = preSolution
		Debug|Any CPU = Debug|Any CPU
		Release|Any CPU = Release|Any CPU
	EndGlobalSection
	GlobalSection(ProjectConfigurationPlatforms) = postSolution
		{EBC23D8C-3EC1-4038-BD84-7586AB9322B2}.Debug|Any CPU.ActiveCfg = Debug|Any CPU
		{EBC23D8C-3EC1-4038-BD84-7586AB9322B2}.Debug|Any CPU.Build.0 = Debug|Any CPU
		{EBC23D8C-3EC1-4038-BD84-7586AB9322B2}.Release|Any CPU.ActiveCfg = Release|Any CPU
		{EBC23D8C-3EC1-4038-BD84-7586AB9322B2}.Release|Any CPU.Build.0 = Release|Any CPU
		{0880DF6C-D55C-453B-AFEB-F6F2B2F0C4A0}.Debug|Any CPU.ActiveCfg = Debug|Any CPU
		{0880DF6C-D55C-453B-AFEB-F6F2B2F0C4A0}.Debug|Any CPU.Build.0 = Debug|Any CPU
		{0880DF6C-D55C-453B-AFEB-F6F2B2F0C4A0}.Release|Any CPU.ActiveCfg = Release|Any CPU
		{0880DF6C-D55C-453B-AFEB-F6F2B2F0C4A0}.Release|Any CPU.Build.0 = Release|Any CPU
	EndGlobalSection
	GlobalSection(SolutionProperties) = preSolution
		HideSolutionNode = FALSE
	EndGlobalSection
	GlobalSection(ExtensibilityGlobals) = postSolution
		SolutionGuid = {081E65C8-4A67-49BB-AAD8-A3E9ACAF076D}
	EndGlobalSection
EndGlobal
